
Microsoft Visual Studio Solution File, Format Version 12.00
# Visual Studio 2012
Project("{FAE04EC0-301F-11D3-BF4B-00C04F79EFBC}") = "SampleConsole", "SampleConsole\SampleConsole.csproj", "{5CE4CDE9-B491-41EB-AF7A-5B6AF075AF6A}"
EndProject
Project("{FAE04EC0-301F-11D3-BF4B-00C04F79EFBC}") = "HConsole", "HConsole\HConsole.csproj", "{DB6A6D5C-1A03-41F9-972D-F9D4A3941E7B}"
EndProject
Global
	GlobalSection(SolutionConfigurationPlatforms) = preSolution
		Debug|Any CPU = Debug|Any CPU
		Release|Any CPU = Release|Any CPU
	EndGlobalSection
	GlobalSection(ProjectConfigurationPlatforms) = postSolution
		{5CE4CDE9-B491-41EB-AF7A-5B6AF075AF6A}.Debug|Any CPU.ActiveCfg = Debug|Any CPU
		{5CE4CDE9-B491-41EB-AF7A-5B6AF075AF6A}.Debug|Any CPU.Build.0 = Debug|Any CPU
		{5CE4CDE9-B491-41EB-AF7A-5B6AF075AF6A}.Release|Any CPU.ActiveCfg = Release|Any CPU
		{5CE4CDE9-B491-41EB-AF7A-5B6AF075AF6A}.Release|Any CPU.Build.0 = Release|Any CPU
		{DB6A6D5C-1A03-41F9-972D-F9D4A3941E7B}.Debug|Any CPU.ActiveCfg = Debug|Any CPU
		{DB6A6D5C-1A03-41F9-972D-F9D4A3941E7B}.Debug|Any CPU.Build.0 = Debug|Any CPU
		{DB6A6D5C-1A03-41F9-972D-F9D4A3941E7B}.Release|Any CPU.ActiveCfg = Release|Any CPU
		{DB6A6D5C-1A03-41F9-972D-F9D4A3941E7B}.Release|Any CPU.Build.0 = Release|Any CPU
	EndGlobalSection
	GlobalSection(SolutionProperties) = preSolution
		HideSolutionNode = FALSE
	EndGlobalSection
EndGlobal
